
Microsoft Visual Studio Solution File, Format Version 12.00
# Visual Studio Version 17
VisualStudioVersion = 17.9.34526.213
MinimumVisualStudioVersion = 10.0.40219.1
Project("{9A19103F-16F7-4668-BE54-9A1E7A4F7556}") = "Api", "ItiK\Api.csproj", "{FDCB04AF-D0E2-4ECC-87F8-113422AF414E}"
EndProject
Project("{9A19103F-16F7-4668-BE54-9A1E7A4F7556}") = "Domain", "Dominio\Domain.csproj", "{C0BD580B-7A50-4494-B6FD-01AB1277FCD9}"
EndProject
Project("{9A19103F-16F7-4668-BE54-9A1E7A4F7556}") = "Infrastructure", "Infrastructure\Infrastructure.csproj", "{95DB0F6E-278F-43F3-92CE-CBE5581F89F1}"
EndProject
Project("{FAE04EC0-301F-11D3-BF4B-00C04F79EFBC}") = "Application", "Application\Application.csproj", "{058DEA36-F22F-43CE-8358-B8A0B25DD530}"
EndProject
Global
	GlobalSection(SolutionConfigurationPlatforms) = preSolution
		Debug|Any CPU = Debug|Any CPU
		Release|Any CPU = Release|Any CPU
	EndGlobalSection
	GlobalSection(ProjectConfigurationPlatforms) = postSolution
		{FDCB04AF-D0E2-4ECC-87F8-113422AF414E}.Debug|Any CPU.ActiveCfg = Debug|Any CPU
		{FDCB04AF-D0E2-4ECC-87F8-113422AF414E}.Debug|Any CPU.Build.0 = Debug|Any CPU
		{FDCB04AF-D0E2-4ECC-87F8-113422AF414E}.Release|Any CPU.ActiveCfg = Release|Any CPU
		{FDCB04AF-D0E2-4ECC-87F8-113422AF414E}.Release|Any CPU.Build.0 = Release|Any CPU
		{C0BD580B-7A50-4494-B6FD-01AB1277FCD9}.Debug|Any CPU.ActiveCfg = Debug|Any CPU
		{C0BD580B-7A50-4494-B6FD-01AB1277FCD9}.Debug|Any CPU.Build.0 = Debug|Any CPU
		{C0BD580B-7A50-4494-B6FD-01AB1277FCD9}.Release|Any CPU.ActiveCfg = Release|Any CPU
		{C0BD580B-7A50-4494-B6FD-01AB1277FCD9}.Release|Any CPU.Build.0 = Release|Any CPU
		{95DB0F6E-278F-43F3-92CE-CBE5581F89F1}.Debug|Any CPU.ActiveCfg = Debug|Any CPU
		{95DB0F6E-278F-43F3-92CE-CBE5581F89F1}.Debug|Any CPU.Build.0 = Debug|Any CPU
		{95DB0F6E-278F-43F3-92CE-CBE5581F89F1}.Release|Any CPU.ActiveCfg = Release|Any CPU
		{95DB0F6E-278F-43F3-92CE-CBE5581F89F1}.Release|Any CPU.Build.0 = Release|Any CPU
		{058DEA36-F22F-43CE-8358-B8A0B25DD530}.Debug|Any CPU.ActiveCfg = Debug|Any CPU
		{058DEA36-F22F-43CE-8358-B8A0B25DD530}.Debug|Any CPU.Build.0 = Debug|Any CPU
		{058DEA36-F22F-43CE-8358-B8A0B25DD530}.Release|Any CPU.ActiveCfg = Release|Any CPU
		{058DEA36-F22F-43CE-8358-B8A0B25DD530}.Release|Any CPU.Build.0 = Release|Any CPU
	EndGlobalSection
	GlobalSection(SolutionProperties) = preSolution
		HideSolutionNode = FALSE
	EndGlobalSection
	GlobalSection(ExtensibilityGlobals) = postSolution
		SolutionGuid = {93E1CA34-66E5-4B7F-AC7D-011D75A54DE8}
	EndGlobalSection
EndGlobal
